version = 1
revision = 3
requires-python = "==3.14.4"
resolution-markers = [
    "sys_platform == 'win32'",
    "sys_platform == 'emscripten'",
    "sys_platform != 'emscripten' and sys_platform != 'win32'",
]

[[package]]
name = "data"
version = "0.0.1"
source = { virtual = "." }
dependencies = [
    { name = "pandas" },
]

[package.metadata]
requires-dist = [{ name = "pandas", specifier = "==3.0.2" }]

[[package]]
name = "numpy"
version = "2.4.0"
source = { registry = "https://pypi.org/simple" }
sdist = { url = "https://files.pythonhosted.org/packages/a4/7a/6a3d14e205d292b738db449d0de649b373a59edb0d0b4493821d0a3e8718/numpy-2.4.0.tar.gz", hash = "sha256:6e504f7b16118198f138ef31ba24d985b124c2c469fe8467007cf30fd992f934", size = 20685720, upload-time = "2025-12-20T16:18:19.023Z" }
wheels = [
    { url = "https://files.pythonhosted.org/packages/ab/ed/52eac27de39d5e5a6c9aadabe672bc06f55e24a3d9010cd1183948055d76/numpy-2.4.0-cp314-cp314-macosx_10_15_x86_64.whl", hash = "sha256:c95eb6db2884917d86cde0b4d4cf31adf485c8ec36bf8696dd66fa70de96f36b", size = 16647476, upload-time = "2025-12-20T16:17:17.671Z" },
    { url = "https://files.pythonhosted.org/packages/77/c0/990ce1b7fcd4e09aeaa574e2a0a839589e4b08b2ca68070f1acb1fea6736/numpy-2.4.0-cp314-cp314-macosx_11_0_arm64.whl", hash = "sha256:65167da969cd1ec3a1df31cb221ca3a19a8aaa25370ecb17d428415e93c1935e", size = 12374563, upload-time = "2025-12-20T16:17:20.216Z" },
    { url = "https://files.pythonhosted.org/packages/37/7c/8c5e389c6ae8f5fd2277a988600d79e9625db3fff011a2d87ac80b881a4c/numpy-2.4.0-cp314-cp314-macosx_14_0_arm64.whl", hash = "sha256:3de19cfecd1465d0dcf8a5b5ea8b3155b42ed0b639dba4b71e323d74f2a3be5e", size = 5203107, upload-time = "2025-12-20T16:17:22.47Z" },
    { url = "https://files.pythonhosted.org/packages/e6/94/ca5b3bd6a8a70a5eec9a0b8dd7f980c1eff4b8a54970a9a7fef248ef564f/numpy-2.4.0-cp314-cp314-macosx_14_0_x86_64.whl", hash = "sha256:6c05483c3136ac4c91b4e81903cb53a8707d316f488124d0398499a4f8e8ef51", size = 6538067, upload-time = "2025-12-20T16:17:24.001Z" },
    { url = "https://files.pythonhosted.org/packages/79/43/993eb7bb5be6761dde2b3a3a594d689cec83398e3f58f4758010f3b85727/numpy-2.4.0-cp314-cp314-manylinux_2_27_aarch64.manylinux_2_28_aarch64.whl", hash = "sha256:36667db4d6c1cea79c8930ab72fadfb4060feb4bfe724141cd4bd064d2e5f8ce", size = 14411926, upload-time = "2025-12-20T16:17:25.822Z" },
    { url = "https://files.pythonhosted.org/packages/03/75/d4c43b61de473912496317a854dac54f1efec3eeb158438da6884b70bb90/numpy-2.4.0-cp314-cp314-manylinux_2_27_x86_64.manylinux_2_28_x86_64.whl", hash = "sha256:9a818668b674047fd88c4cddada7ab8f1c298812783e8328e956b78dc4807f9f", size = 16354295, upload-time = "2025-12-20T16:17:28.308Z" },
    { url = "https://files.pythonhosted.org/packages/b8/0a/b54615b47ee8736a6461a4bb6749128dd3435c5a759d5663f11f0e9af4ac/numpy-2.4.0-cp314-cp314-musllinux_1_2_aarch64.whl", hash = "sha256:1ee32359fb7543b7b7bd0b2f46294db27e29e7bbdf70541e81b190836cd83ded", size = 16190242, upload-time = "2025-12-20T16:17:30.993Z" },
    { url = "https://files.pythonhosted.org/packages/98/ce/ea207769aacad6246525ec6c6bbd66a2bf56c72443dc10e2f90feed29290/numpy-2.4.0-cp314-cp314-musllinux_1_2_x86_64.whl", hash = "sha256:e493962256a38f58283de033d8af176c5c91c084ea30f15834f7545451c42059", size = 18280875, upload-time = "2025-12-20T16:17:33.327Z" },
    { url = "https://files.pythonhosted.org/packages/17/ef/ec409437aa962ea372ed601c519a2b141701683ff028f894b7466f0ab42b/numpy-2.4.0-cp314-cp314-win32.whl", hash = "sha256:6bbaebf0d11567fa8926215ae731e1d58e6ec28a8a25235b8a47405d301332db", size = 6002530, upload-time = "2025-12-20T16:17:35.729Z" },
    { url = "https://files.pythonhosted.org/packages/5f/4a/5cb94c787a3ed1ac65e1271b968686521169a7b3ec0b6544bb3ca32960b0/numpy-2.4.0-cp314-cp314-win_amd64.whl", hash = "sha256:3d857f55e7fdf7c38ab96c4558c95b97d1c685be6b05c249f5fdafcbd6f9899e", size = 12435890, upload-time = "2025-12-20T16:17:37.599Z" },
    { url = "https://files.pythonhosted.org/packages/48/a0/04b89db963af9de1104975e2544f30de89adbf75b9e75f7dd2599be12c79/numpy-2.4.0-cp314-cp314-win_arm64.whl", hash = "sha256:bb50ce5fb202a26fd5404620e7ef820ad1ab3558b444cb0b55beb7ef66cd2d63", size = 10591892, upload-time = "2025-12-20T16:17:39.649Z" },
    { url = "https://files.pythonhosted.org/packages/53/e5/d74b5ccf6712c06c7a545025a6a71bfa03bdc7e0568b405b0d655232fd92/numpy-2.4.0-cp314-cp314t-macosx_11_0_arm64.whl", hash = "sha256:355354388cba60f2132df297e2d53053d4063f79077b67b481d21276d61fc4df", size = 12494312, upload-time = "2025-12-20T16:17:41.714Z" },
    { url = "https://files.pythonhosted.org/packages/c2/08/3ca9cc2ddf54dfee7ae9a6479c071092a228c68aef08252aa08dac2af002/numpy-2.4.0-cp314-cp314t-macosx_14_0_arm64.whl", hash = "sha256:1d8f9fde5f6dc1b6fc34df8162f3b3079365468703fee7f31d4e0cc8c63baed9", size = 5322862, upload-time = "2025-12-20T16:17:44.145Z" },
    { url = "https://files.pythonhosted.org/packages/87/74/0bb63a68394c0c1e52670cfff2e309afa41edbe11b3327d9af29e4383f34/numpy-2.4.0-cp314-cp314t-macosx_14_0_x86_64.whl", hash = "sha256:e0434aa22c821f44eeb4c650b81c7fbdd8c0122c6c4b5a576a76d5a35625ecd9", size = 6644986, upload-time = "2025-12-20T16:17:46.203Z" },
    { url = "https://files.pythonhosted.org/packages/06/8f/9264d9bdbcf8236af2823623fe2f3981d740fc3461e2787e231d97c38c28/numpy-2.4.0-cp314-cp314t-manylinux_2_27_aarch64.manylinux_2_28_aarch64.whl", hash = "sha256:40483b2f2d3ba7aad426443767ff5632ec3156ef09742b96913787d13c336471", size = 14457958, upload-time = "2025-12-20T16:17:48.017Z" },
    { url = "https://files.pythonhosted.org/packages/8c/d9/f9a69ae564bbc7236a35aa883319364ef5fd41f72aa320cc1cbe66148fe2/numpy-2.4.0-cp314-cp314t-manylinux_2_27_x86_64.manylinux_2_28_x86_64.whl", hash = "sha256:d9e6a7664ddd9746e20b7325351fe1a8408d0a2bf9c63b5e898290ddc8f09544", size = 16398394, upload-time = "2025-12-20T16:17:50.409Z" },
    { url = "https://files.pythonhosted.org/packages/34/c7/39241501408dde7f885d241a98caba5421061a2c6d2b2197ac5e3aa842d8/numpy-2.4.0-cp314-cp314t-musllinux_1_2_aarch64.whl", hash = "sha256:ecb0019d44f4cdb50b676c5d0cb4b1eae8e15d1ed3d3e6639f986fc92b2ec52c", size = 16241044, upload-time = "2025-12-20T16:17:52.661Z" },
    { url = "https://files.pythonhosted.org/packages/7c/95/cae7effd90e065a95e59fe710eeee05d7328ed169776dfdd9f789e032125/numpy-2.4.0-cp314-cp314t-musllinux_1_2_x86_64.whl", hash = "sha256:d0ffd9e2e4441c96a9c91ec1783285d80bf835b677853fc2770a89d50c1e48ac", size = 18321772, upload-time = "2025-12-20T16:17:54.947Z" },
    { url = "https://files.pythonhosted.org/packages/96/df/3c6c279accd2bfb968a76298e5b276310bd55d243df4fa8ac5816d79347d/numpy-2.4.0-cp314-cp314t-win32.whl", hash = "sha256:77f0d13fa87036d7553bf81f0e1fe3ce68d14c9976c9851744e4d3e91127e95f", size = 6148320, upload-time = "2025-12-20T16:17:57.249Z" },
    { url = "https://files.pythonhosted.org/packages/92/8d/f23033cce252e7a75cae853d17f582e86534c46404dea1c8ee094a9d6d84/numpy-2.4.0-cp314-cp314t-win_amd64.whl", hash = "sha256:b1f5b45829ac1848893f0ddf5cb326110604d6df96cdc255b0bf9edd154104d4", size = 12623460, upload-time = "2025-12-20T16:17:58.963Z" },
    { url = "https://files.pythonhosted.org/packages/a4/4f/1f8475907d1a7c4ef9020edf7f39ea2422ec896849245f00688e4b268a71/numpy-2.4.0-cp314-cp314t-win_arm64.whl", hash = "sha256:23a3e9d1a6f360267e8fbb38ba5db355a6a7e9be71d7fce7ab3125e88bb646c8", size = 10661799, upload-time = "2025-12-20T16:18:01.078Z" },
]

[[package]]
name = "pandas"
version = "3.0.2"
source = { registry = "https://pypi.org/simple" }
dependencies = [
    { name = "numpy" },
    { name = "python-dateutil" },
    { name = "tzdata", marker = "sys_platform == 'emscripten' or sys_platform == 'win32'" },
]
sdist = { url = "https://files.pythonhosted.org/packages/da/99/b342345300f13440fe9fe385c3c481e2d9a595ee3bab4d3219247ac94e9a/pandas-3.0.2.tar.gz", hash = "sha256:f4753e73e34c8d83221ba58f232433fca2748be8b18dbca02d242ed153945043", size = 4645855, upload-time = "2026-03-31T06:48:30.816Z" }
wheels = [
    { url = "https://files.pythonhosted.org/packages/bb/40/c6ea527147c73b24fc15c891c3fcffe9c019793119c5742b8784a062c7db/pandas-3.0.2-cp314-cp314-macosx_10_15_x86_64.whl", hash = "sha256:db0dbfd2a6cdf3770aa60464d50333d8f3d9165b2f2671bcc299b72de5a6677b", size = 10326084, upload-time = "2026-03-31T06:47:43.834Z" },
    { url = "https://files.pythonhosted.org/packages/95/25/bdb9326c3b5455f8d4d3549fce7abcf967259de146fe2cf7a82368141948/pandas-3.0.2-cp314-cp314-macosx_11_0_arm64.whl", hash = "sha256:0555c5882688a39317179ab4a0ed41d3ebc8812ab14c69364bbee8fb7a3f6288", size = 9914146, upload-time = "2026-03-31T06:47:46.67Z" },
    { url = "https://files.pythonhosted.org/packages/8d/77/3a227ff3337aa376c60d288e1d61c5d097131d0ac71f954d90a8f369e422/pandas-3.0.2-cp314-cp314-manylinux_2_24_aarch64.manylinux_2_28_aarch64.whl", hash = "sha256:01f31a546acd5574ef77fe199bc90b55527c225c20ccda6601cf6b0fd5ed597c", size = 10444081, upload-time = "2026-03-31T06:47:49.681Z" },
    { url = "https://files.pythonhosted.org/packages/15/88/3cdd54fa279341afa10acf8d2b503556b1375245dccc9315659f795dd2e9/pandas-3.0.2-cp314-cp314-manylinux_2_24_x86_64.manylinux_2_28_x86_64.whl", hash = "sha256:deeca1b5a931fdf0c2212c8a659ade6d3b1edc21f0914ce71ef24456ca7a6535", size = 10897535, upload-time = "2026-03-31T06:47:53.033Z" },
    { url = "https://files.pythonhosted.org/packages/06/9d/98cc7a7624f7932e40f434299260e2917b090a579d75937cb8a57b9d2de3/pandas-3.0.2-cp314-cp314-musllinux_1_2_aarch64.whl", hash = "sha256:0f48afd9bb13300ffb5a3316973324c787054ba6665cda0da3fbd67f451995db", size = 11446992, upload-time = "2026-03-31T06:47:56.193Z" },
    { url = "https://files.pythonhosted.org/packages/9a/cd/19ff605cc3760e80602e6826ddef2824d8e7050ed80f2e11c4b079741dc3/pandas-3.0.2-cp314-cp314-musllinux_1_2_x86_64.whl", hash = "sha256:6c4d8458b97a35717b62469a4ea0e85abd5ed8687277f5ccfc67f8a5126f8c53", size = 11968257, upload-time = "2026-03-31T06:47:59.137Z" },
    { url = "https://files.pythonhosted.org/packages/db/60/aba6a38de456e7341285102bede27514795c1eaa353bc0e7638b6b785356/pandas-3.0.2-cp314-cp314-win_amd64.whl", hash = "sha256:b35d14bb5d8285d9494fe93815a9e9307c0876e10f1e8e89ac5b88f728ec8dcf", size = 9865893, upload-time = "2026-03-31T06:48:02.038Z" },
    { url = "https://files.pythonhosted.org/packages/08/71/e5ec979dd2e8a093dacb8864598c0ff59a0cee0bbcdc0bfec16a51684d4f/pandas-3.0.2-cp314-cp314-win_arm64.whl", hash = "sha256:63d141b56ef686f7f0d714cfb8de4e320475b86bf4b620aa0b7da89af8cbdbbb", size = 9188644, upload-time = "2026-03-31T06:48:05.045Z" },
    { url = "https://files.pythonhosted.org/packages/f1/6c/7b45d85db19cae1eb524f2418ceaa9d85965dcf7b764ed151386b7c540f0/pandas-3.0.2-cp314-cp314t-macosx_10_15_x86_64.whl", hash = "sha256:140f0cffb1fa2524e874dde5b477d9defe10780d8e9e220d259b2c0874c89d9d", size = 10776246, upload-time = "2026-03-31T06:48:07.789Z" },
    { url = "https://files.pythonhosted.org/packages/a8/3e/7b00648b086c106e81766f25322b48aa8dfa95b55e621dbdf2fdd413a117/pandas-3.0.2-cp314-cp314t-macosx_11_0_arm64.whl", hash = "sha256:ae37e833ff4fed0ba352f6bdd8b73ba3ab3256a85e54edfd1ab51ae40cca0af8", size = 10424801, upload-time = "2026-03-31T06:48:10.897Z" },
    { url = "https://files.pythonhosted.org/packages/da/6e/558dd09a71b53b4008e7fc8a98ec6d447e9bfb63cdaeea10e5eb9b2dabe8/pandas-3.0.2-cp314-cp314t-manylinux_2_24_aarch64.manylinux_2_28_aarch64.whl", hash = "sha256:4d888a5c678a419a5bb41a2a93818e8ed9fd3172246555c0b37b7cc27027effd", size = 10345643, upload-time = "2026-03-31T06:48:13.7Z" },
    { url = "https://files.pythonhosted.org/packages/be/e3/921c93b4d9a280409451dc8d07b062b503bbec0531d2627e73a756e99a82/pandas-3.0.2-cp314-cp314t-manylinux_2_24_x86_64.manylinux_2_28_x86_64.whl", hash = "sha256:b444dc64c079e84df91baa8bf613d58405645461cabca929d9178f2cd392398d", size = 10743641, upload-time = "2026-03-31T06:48:16.659Z" },
    { url = "https://files.pythonhosted.org/packages/56/ca/fd17286f24fa3b4d067965d8d5d7e14fe557dd4f979a0b068ac0deaf8228/pandas-3.0.2-cp314-cp314t-musllinux_1_2_aarch64.whl", hash = "sha256:4544c7a54920de8eeacaa1466a6b7268ecfbc9bc64ab4dbb89c6bbe94d5e0660", size = 11361993, upload-time = "2026-03-31T06:48:19.475Z" },
    { url = "https://files.pythonhosted.org/packages/e4/a5/2f6ed612056819de445a433ca1f2821ac3dab7f150d569a59e9cc105de1d/pandas-3.0.2-cp314-cp314t-musllinux_1_2_x86_64.whl", hash = "sha256:734be7551687c00fbd760dc0522ed974f82ad230d4a10f54bf51b80d44a08702", size = 11815274, upload-time = "2026-03-31T06:48:22.695Z" },
    { url = "https://files.pythonhosted.org/packages/00/2f/b622683e99ec3ce00b0854bac9e80868592c5b051733f2cf3a868e5fea26/pandas-3.0.2-cp314-cp314t-win_amd64.whl", hash = "sha256:57a07209bebcbcf768d2d13c9b78b852f9a15978dac41b9e6421a81ad4cdd276", size = 10888530, upload-time = "2026-03-31T06:48:25.806Z" },
    { url = "https://files.pythonhosted.org/packages/cb/2b/f8434233fab2bd66a02ec014febe4e5adced20e2693e0e90a07d118ed30e/pandas-3.0.2-cp314-cp314t-win_arm64.whl", hash = "sha256:5371b72c2d4d415d08765f32d689217a43227484e81b2305b52076e328f6f482", size = 9455341, upload-time = "2026-03-31T06:48:28.418Z" },
]

[[package]]
name = "python-dateutil"
version = "2.9.0.post0"
source = { registry = "https://pypi.org/simple" }
dependencies = [
    { name = "six" },
]
sdist = { url = "https://files.pythonhosted.org/packages/66/c0/0c8b6ad9f17a802ee498c46e004a0eb49bc148f2fd230864601a86dcf6db/python-dateutil-2.9.0.post0.tar.gz", hash = "sha256:37dd54208da7e1cd875388217d5e00ebd4179249f90fb72437e91a35459a0ad3", size = 342432, upload-time = "2024-03-01T18:36:20.211Z" }
wheels = [
    { url = "https://files.pythonhosted.org/packages/ec/57/56b9bcc3c9c6a792fcbaf139543cee77261f3651ca9da0c93f5c1221264b/python_dateutil-2.9.0.post0-py2.py3-none-any.whl", hash = "sha256:a8b2bc7bffae282281c8140a97d3aa9c14da0b136dfe83f850eea9a5f7470427", size = 229892, upload-time = "2024-03-01T18:36:18.57Z" },
]

[[package]]
name = "six"
version = "1.17.0"
source = { registry = "https://pypi.org/simple" }
sdist = { url = "https://files.pythonhosted.org/packages/94/e7/b2c673351809dca68a0e064b6af791aa332cf192da575fd474ed7d6f16a2/six-1.17.0.tar.gz", hash = "sha256:ff70335d468e7eb6ec65b95b99d3a2836546063f63acc5171de367e834932a81", size = 34031, upload-time = "2024-12-04T17:35:28.174Z" }
wheels = [
    { url = "https://files.pythonhosted.org/packages/b7/ce/149a00dd41f10bc29e5921b496af8b574d8413afcd5e30dfa0ed46c2cc5e/six-1.17.0-py2.py3-none-any.whl", hash = "sha256:4721f391ed90541fddacab5acf947aa0d3dc7d27b2e1e8eda2be8970586c3274", size = 11050, upload-time = "2024-12-04T17:35:26.475Z" },
]

[[package]]
name = "tzdata"
version = "2025.3"
source = { registry = "https://pypi.org/simple" }
sdist = { url = "https://files.pythonhosted.org/packages/5e/a7/c202b344c5ca7daf398f3b8a477eeb205cf3b6f32e7ec3a6bac0629ca975/tzdata-2025.3.tar.gz", hash = "sha256:de39c2ca5dc7b0344f2eba86f49d614019d29f060fc4ebc8a417896a620b56a7", size = 196772, upload-time = "2025-12-13T17:45:35.667Z" }
wheels = [
    { url = "https://files.pythonhosted.org/packages/c7/b0/003792df09decd6849a5e39c28b513c06e84436a54440380862b5aeff25d/tzdata-2025.3-py2.py3-none-any.whl", hash = "sha256:06a47e5700f3081aab02b2e513160914ff0694bce9947d6b76ebd6bf57cfc5d1", size = 348521, upload-time = "2025-12-13T17:45:33.889Z" },
]
